
Microsoft Visual Studio Solution File, Format Version 12.00
# Visual Studio Version 17
VisualStudioVersion = 17.14.36408.4 d17.14
MinimumVisualStudioVersion = 10.0.40219.1
Project("{FAE04EC0-301F-11D3-BF4B-00C04F79EFBC}") = "ExtentionMethod", "C#_Advanced\ExtentionMethod.csproj", "{5B0AD246-4AEC-42D2-8819-F415024CEF47}"
EndProject
Project("{FAE04EC0-301F-11D3-BF4B-00C04F79EFBC}") = "Recursion", "Recursion\Recursion.csproj", "{60836006-1390-4DF6-8609-94AB91464929}"
EndProject
Project("{FAE04EC0-301F-11D3-BF4B-00C04F79EFBC}") = "Delegate", "Delegate\Delegate.csproj", "{4235FE73-62C9-4309-80EF-BD20D8B9271E}"
EndProject
Global
	GlobalSection(SolutionConfigurationPlatforms) = preSolution
		Debug|Any CPU = Debug|Any CPU
		Release|Any CPU = Release|Any CPU
	EndGlobalSection
	GlobalSection(ProjectConfigurationPlatforms) = postSolution
		{5B0AD246-4AEC-42D2-8819-F415024CEF47}.Debug|Any CPU.ActiveCfg = Debug|Any CPU
		{5B0AD246-4AEC-42D2-8819-F415024CEF47}.Debug|Any CPU.Build.0 = Debug|Any CPU
		{5B0AD246-4AEC-42D2-8819-F415024CEF47}.Release|Any CPU.ActiveCfg = Release|Any CPU
		{5B0AD246-4AEC-42D2-8819-F415024CEF47}.Release|Any CPU.Build.0 = Release|Any CPU
		{60836006-1390-4DF6-8609-94AB91464929}.Debug|Any CPU.ActiveCfg = Debug|Any CPU
		{60836006-1390-4DF6-8609-94AB91464929}.Debug|Any CPU.Build.0 = Debug|Any CPU
		{60836006-1390-4DF6-8609-94AB91464929}.Release|Any CPU.ActiveCfg = Release|Any CPU
		{60836006-1390-4DF6-8609-94AB91464929}.Release|Any CPU.Build.0 = Release|Any CPU
		{4235FE73-62C9-4309-80EF-BD20D8B9271E}.Debug|Any CPU.ActiveCfg = Debug|Any CPU
		{4235FE73-62C9-4309-80EF-BD20D8B9271E}.Debug|Any CPU.Build.0 = Debug|Any CPU
		{4235FE73-62C9-4309-80EF-BD20D8B9271E}.Release|Any CPU.ActiveCfg = Release|Any CPU
		{4235FE73-62C9-4309-80EF-BD20D8B9271E}.Release|Any CPU.Build.0 = Release|Any CPU
	EndGlobalSection
	GlobalSection(SolutionProperties) = preSolution
		HideSolutionNode = FALSE
	EndGlobalSection
	GlobalSection(ExtensibilityGlobals) = postSolution
		SolutionGuid = {C2F7D711-AA9C-45B3-A9B8-9B0CF9DA0C05}
	EndGlobalSection
EndGlobal
